
Microsoft Visual Studio Solution File, Format Version 12.00
# Visual Studio Version 16
VisualStudioVersion = 16.0.31702.278
MinimumVisualStudioVersion = 10.0.40219.1
Project("{FAE04EC0-301F-11D3-BF4B-00C04F79EFBC}") = "AlisverisMarket_Example", "AlisverisMarket_Example\AlisverisMarket_Example.csproj", "{95BDE29A-66C8-4F3C-A0A3-806BC208AA14}"
EndProject
Global
	GlobalSection(SolutionConfigurationPlatforms) = preSolution
		Debug|Any CPU = Debug|Any CPU
		Release|Any CPU = Release|Any CPU
	EndGlobalSection
	GlobalSection(ProjectConfigurationPlatforms) = postSolution
		{95BDE29A-66C8-4F3C-A0A3-806BC208AA14}.Debug|Any CPU.ActiveCfg = Debug|Any CPU
		{95BDE29A-66C8-4F3C-A0A3-806BC208AA14}.Debug|Any CPU.Build.0 = Debug|Any CPU
		{95BDE29A-66C8-4F3C-A0A3-806BC208AA14}.Release|Any CPU.ActiveCfg = Release|Any CPU
		{95BDE29A-66C8-4F3C-A0A3-806BC208AA14}.Release|Any CPU.Build.0 = Release|Any CPU
	EndGlobalSection
	GlobalSection(SolutionProperties) = preSolution
		HideSolutionNode = FALSE
	EndGlobalSection
	GlobalSection(ExtensibilityGlobals) = postSolution
		SolutionGuid = {EBDF0A0E-9848-49DE-9068-A657E1C8344F}
	EndGlobalSection
EndGlobal
